{
  "name": "datavoyager",
  "version": "2.0.0-alpha.3",
  "lockfileVersion": 1,
  "dependencies": {
    "hoist-non-react-statics": {
      "version": "1.2.0",
      "resolved": "https://registry.npmjs.org/hoist-non-react-statics/-/hoist-non-react-statics-1.2.0.tgz",
      "integrity": "sha1-qkSM8JhtVcxAdzsXF0t90GbLfPs="
    },
    "react-click-outside": {
      "version": "2.3.1",
      "resolved": "https://registry.npmjs.org/react-click-outside/-/react-click-outside-2.3.1.tgz",
      "integrity": "sha1-MYc3698IGko7zUaCVmNnTL6YNus="
    }
  }
}
